// !$*UTF8*$!
{
	archiveVersion = 1;
	classes = {
	};
	objectVersion = 50;
	objects = {

/* Begin PBXBuildFile section */
		F336F41A24B6BA6800A2F8BB /* AppDelegate.swift in Sources */ = {isa = PBXBuildFile; fileRef = F336F41924B6BA6800A2F8BB /* AppDelegate.swift */; };
		F336F41C24B6BA6800A2F8BB /* SceneDelegate.swift in Sources */ = {isa = PBXBuildFile; fileRef = F336F41B24B6BA6800A2F8BB /* SceneDelegate.swift */; };
		F336F42124B6BA6800A2F8BB /* Main.storyboard in Resources */ = {isa = PBXBuildFile; fileRef = F336F41F24B6BA6800A2F8BB /* Main.storyboard */; };
		F336F42324B6BA6B00A2F8BB /* Assets.xcassets in Resources */ = {isa = PBXBuildFile; fileRef = F336F42224B6BA6B00A2F8BB /* Assets.xcassets */; };
		F336F42624B6BA6B00A2F8BB /* LaunchScreen.storyboard in Resources */ = {isa = PBXBuildFile; fileRef = F336F42424B6BA6B00A2F8BB /* LaunchScreen.storyboard */; };
		F336F42E24B6BB3000A2F8BB /* TableViewController.swift in Sources */ = {isa = PBXBuildFile; fileRef = F336F42D24B6BB3000A2F8BB /* TableViewController.swift */; };
		F336F43124B6BBE400A2F8BB /* DetailViewController.swift in Sources */ = {isa = PBXBuildFile; fileRef = F336F43024B6BBE400A2F8BB /* DetailViewController.swift */; };
/* End PBXBuildFile section */

/* Begin PBXFileReference section */
		F336F41624B6BA6800A2F8BB /* Practice_TableView.app */ = {isa = PBXFileReference; explicitFileType = wrapper.application; includeInIndex = 0; path = Practice_TableView.app; sourceTree = BUILT_PRODUCTS_DIR; };
		F336F41924B6BA6800A2F8BB /* AppDelegate.swift */ = {isa = PBXFileReference; lastKnownFileType = sourcecode.swift; path = AppDelegate.swift; sourceTree = "<group>"; };
		F336F41B24B6BA6800A2F8BB /* SceneDelegate.swift */ = {isa = PBXFileReference; lastKnownFileType = sourcecode.swift; path = SceneDelegate.swift; sourceTree = "<group>"; };
		F336F42024B6BA6800A2F8BB /* Base */ = {isa = PBXFileReference; lastKnownFileType = file.storyboard; name = Base; path = Base.lproj/Main.storyboard; sourceTree = "<group>"; };
		F336F42224B6BA6B00A2F8BB /* Assets.xcassets */ = {isa = PBXFileReference; lastKnownFileType = folder.assetcatalog; path = Assets.xcassets; sourceTree = "<group>"; };
		F336F42524B6BA6B00A2F8BB /* Base */ = {isa = PBXFileReference; lastKnownFileType = file.storyboard; name = Base; path = Base.lproj/LaunchScreen.storyboard; sourceTree = "<group>"; };
		F336F42724B6BA6B00A2F8BB /* Info.plist */ = {isa = PBXFileReference; lastKnownFileType = text.plist.xml; path = Info.plist; sourceTree = "<group>"; };
		F336F42D24B6BB3000A2F8BB /* TableViewController.swift */ = {isa = PBXFileReference; lastKnownFileType = sourcecode.swift; path = TableViewController.swift; sourceTree = "<group>"; };
		F336F43024B6BBE400A2F8BB /* DetailViewController.swift */ = {isa = PBXFileReference; lastKnownFileType = sourcecode.swift; path = DetailViewController.swift; sourceTree = "<group>"; };
/* End PBXFileReference section */

/* Begin PBXFrameworksBuildPhase section */
		F336F41324B6BA6800A2F8BB /* Frameworks */ = {
			isa = PBXFrameworksBuildPhase;
			buildActionMask = 2147483647;
			files = (
			);
			runOnlyForDeploymentPostprocessing = 0;
		};
/* End PBXFrameworksBuildPhase section */

/* Begin PBXGroup section */
		F336F40D24B6BA6800A2F8BB = {
			isa = PBXGroup;
			children = (
				F336F41824B6BA6800A2F8BB /* Practice_TableView */,
				F336F41724B6BA6800A2F8BB /* Products */,
			);
			sourceTree = "<group>";
		};
		F336F41724B6BA6800A2F8BB /* Products */ = {
			isa = PBXGroup;
			children = (
				F336F41624B6BA6800A2F8BB /* Practice_TableView.app */,
			);
			name = Products;
			sourceTree = "<group>";
		};
		F336F41824B6BA6800A2F8BB /* Practice_TableView */ = {
			isa = PBXGroup;
			children = (
				F336F42F24B6BB3500A2F8BB /* ViewControllers */,
				F336F41924B6BA6800A2F8BB /* AppDelegate.swift */,
				F336F41B24B6BA6800A2F8BB /* SceneDelegate.swift */,
				F336F41F24B6BA6800A2F8BB /* Main.storyboard */,
				F336F42224B6BA6B00A2F8BB /* Assets.xcassets */,
				F336F42424B6BA6B00A2F8BB /* LaunchScreen.storyboard */,
				F336F42724B6BA6B00A2F8BB /* Info.plist */,
			);
			path = Practice_TableView;
			sourceTree = "<group>";
		};
		F336F42F24B6BB3500A2F8BB /* ViewControllers */ = {
			isa = PBXGroup;
			children = (
				F336F42D24B6BB3000A2F8BB /* TableViewController.swift */,
				F336F43024B6BBE400A2F8BB /* DetailViewController.swift */,
			);
			path = ViewControllers;
			sourceTree = "<group>";
		};
/* End PBXGroup section */

/* Begin PBXNativeTarget section */
		F336F41524B6BA6800A2F8BB /* Practice_TableView */ = {
			isa = PBXNativeTarget;
			buildConfigurationList = F336F42A24B6BA6B00A2F8BB /* Build configuration list for PBXNativeTarget "Practice_TableView" */;
			buildPhases = (
				F336F41224B6BA6800A2F8BB /* Sources */,
				F336F41324B6BA6800A2F8BB /* Frameworks */,
				F336F41424B6BA6800A2F8BB /* Resources */,
			);
			buildRules = (
			);
			dependencies = (
			);
			name = Practice_TableView;
			productName = Practice_TableView;
			productReference = F336F41624B6BA6800A2F8BB /* Practice_TableView.app */;
			productType = "com.apple.product-type.application";
		};
/* End PBXNativeTarget section */

/* Begin PBXProject section */
		F336F40E24B6BA6800A2F8BB /* Project object */ = {
			isa = PBXProject;
			attributes = {
				LastSwiftUpdateCheck = 1150;
				LastUpgradeCheck = 1150;
				ORGANIZATIONNAME = jinwoopeter;
				TargetAttributes = {
					F336F41524B6BA6800A2F8BB = {
						CreatedOnToolsVersion = 11.5;
					};
				};
			};
			buildConfigurationList = F336F41124B6BA6800A2F8BB /* Build configuration list for PBXProject "Practice_TableView" */;
			compatibilityVersion = "Xcode 9.3";
			developmentRegion = en;
			hasScannedForEncodings = 0;
			knownRegions = (
				en,
				Base,
			);
			mainGroup = F336F40D24B6BA6800A2F8BB;
			productRefGroup = F336F41724B6BA6800A2F8BB /* Products */;
			projectDirPath = "";
			projectRoot = "";
			targets = (
				F336F41524B6BA6800A2F8BB /* Practice_TableView */,
			);
		};
/* End PBXProject section */

/* Begin PBXResourcesBuildPhase section */
		F336F41424B6BA6800A2F8BB /* Resources */ = {
			isa = PBXResourcesBuildPhase;
			buildActionMask = 2147483647;
			files = (
				F336F42624B6BA6B00A2F8BB /* LaunchScreen.storyboard in Resources */,
				F336F42324B6BA6B00A2F8BB /* Assets.xcassets in Resources */,
				F336F42124B6BA6800A2F8BB /* Main.storyboard in Resources */,
			);
			runOnlyForDeploymentPostprocessing = 0;
		};
/* End PBXResourcesBuildPhase section */

/* Begin PBXSourcesBuildPhase section */
		F336F41224B6BA6800A2F8BB /* Sources */ = {
			isa = PBXSourcesBuildPhase;
			buildActionMask = 2147483647;
			files = (
				F336F41A24B6BA6800A2F8BB /* AppDelegate.swift in Sources */,
				F336F42E24B6BB3000A2F8BB /* TableViewController.swift in Sources */,
				F336F41C24B6BA6800A2F8BB /* SceneDelegate.swift in Sources */,
				F336F43124B6BBE400A2F8BB /* DetailViewController.swift in Sources */,
			);
			runOnlyForDeploymentPostprocessing = 0;
		};
/* End PBXSourcesBuildPhase section */

/* Begin PBXVariantGroup section */
		F336F41F24B6BA6800A2F8BB /* Main.storyboard */ = {
			isa = PBXVariantGroup;
			children = (
				F336F42024B6BA6800A2F8BB /* Base */,
			);
			name = Main.storyboard;
			sourceTree = "<group>";
		};
		F336F42424B6BA6B00A2F8BB /* LaunchScreen.storyboard */ = {
			isa = PBXVariantGroup;
			children = (
				F336F42524B6BA6B00A2F8BB /* Base */,
			);
			name = LaunchScreen.storyboard;
			sourceTree = "<group>";
		};
/* End PBXVariantGroup section */

/* Begin XCBuildConfiguration section */
		F336F42824B6BA6B00A2F8BB /* Debug */ = {
			isa = XCBuildConfiguration;
			buildSettings = {
				ALWAYS_SEARCH_USER_PATHS = NO;
				CLANG_ANALYZER_NONNULL = YES;
				CLANG_ANALYZER_NUMBER_OBJECT_CONVERSION = YES_AGGRESSIVE;
				CLANG_CXX_LANGUAGE_STANDARD = "gnu++14";
				CLANG_CXX_LIBRARY = "libc++";
				CLANG_ENABLE_MODULES = YES;
				CLANG_ENABLE_OBJC_ARC = YES;
				CLANG_ENABLE_OBJC_WEAK = YES;
				CLANG_WARN_BLOCK_CAPTURE_AUTORELEASING = YES;
				CLANG_WARN_BOOL_CONVERSION = YES;
				CLANG_WARN_COMMA = YES;
				CLANG_WARN_CONSTANT_CONVERSION = YES;
				CLANG_WARN_DEPRECATED_OBJC_IMPLEMENTATIONS = YES;
				CLANG_WARN_DIRECT_OBJC_ISA_USAGE = YES_ERROR;
				CLANG_WARN_DOCUMENTATION_COMMENTS = YES;
				CLANG_WARN_EMPTY_BODY = YES;
				CLANG_WARN_ENUM_CONVERSION = YES;
				CLANG_WARN_INFINITE_RECURSION = YES;
				CLANG_WARN_INT_CONVERSION = YES;
				CLANG_WARN_NON_LITERAL_NULL_CONVERSION = YES;
				CLANG_WARN_OBJC_IMPLICIT_RETAIN_SELF = YES;
				CLANG_WARN_OBJC_LITERAL_CONVERSION = YES;
				CLANG_WARN_OBJC_ROOT_CLASS = YES_ERROR;
				CLANG_WARN_RANGE_LOOP_ANALYSIS = YES;
				CLANG_WARN_STRICT_PROTOTYPES = YES;
				CLANG_WARN_SUSPICIOUS_MOVE = YES;
				CLANG_WARN_UNGUARDED_AVAILABILITY = YES_AGGRESSIVE;
				CLANG_WARN_UNREACHABLE_CODE = YES;
				CLANG_WARN__DUPLICATE_METHOD_MATCH = YES;
				COPY_PHASE_STRIP = NO;
				DEBUG_INFORMATION_FORMAT = dwarf;
				ENABLE_STRICT_OBJC_MSGSEND = YES;
				ENABLE_TESTABILITY = YES;
				GCC_C_LANGUAGE_STANDARD = gnu11;
				GCC_DYNAMIC_NO_PIC = NO;
				GCC_NO_COMMON_BLOCKS = YES;
				GCC_OPTIMIZATION_LEVEL = 0;
				GCC_PREPROCESSOR_DEFINITIONS = (
					"DEBUG=1",
					"$(inherited)",
				);
				GCC_WARN_64_TO_32_BIT_CONVERSION = YES;
				GCC_WARN_ABOUT_RETURN_TYPE = YES_ERROR;
				GCC_WARN_UNDECLARED_SELECTOR = YES;
				GCC_WARN_UNINITIALIZED_AUTOS = YES_AGGRESSIVE;
				GCC_WARN_UNUSED_FUNCTION = YES;
				GCC_WARN_UNUSED_VARIABLE = YES;
				IPHONEOS_DEPLOYMENT_TARGET = 13.5;
				MTL_ENABLE_DEBUG_INFO = INCLUDE_SOURCE;
				MTL_FAST_MATH = YES;
				ONLY_ACTIVE_ARCH = YES;
				SDKROOT = iphoneos;
				SWIFT_ACTIVE_COMPILATION_CONDITIONS = DEBUG;
				SWIFT_OPTIMIZATION_LEVEL = "-Onone";
			};
			name = Debug;
		};
		F336F42924B6BA6B00A2F8BB /* Release */ = {
			isa = XCBuildConfiguration;
			buildSettings = {
				ALWAYS_SEARCH_USER_PATHS = NO;
				CLANG_ANALYZER_NONNULL = YES;
				CLANG_ANALYZER_NUMBER_OBJECT_CONVERSION = YES_AGGRESSIVE;
				CLANG_CXX_LANGUAGE_STANDARD = "gnu++14";
				CLANG_CXX_LIBRARY = "libc++";
				CLANG_ENABLE_MODULES = YES;
				CLANG_ENABLE_OBJC_ARC = YES;
				CLANG_ENABLE_OBJC_WEAK = YES;
				CLANG_WARN_BLOCK_CAPTURE_AUTORELEASING = YES;
				CLANG_WARN_BOOL_CONVERSION = YES;
				CLANG_WARN_COMMA = YES;
				CLANG_WARN_CONSTANT_CONVERSION = YES;
				CLANG_WARN_DEPRECATED_OBJC_IMPLEMENTATIONS = YES;
				CLANG_WARN_DIRECT_OBJC_ISA_USAGE = YES_ERROR;
				CLANG_WARN_DOCUMENTATION_COMMENTS = YES;
				CLANG_WARN_EMPTY_BODY = YES;
				CLANG_WARN_ENUM_CONVERSION = YES;
				CLANG_WARN_INFINITE_RECURSION = YES;
				CLANG_WARN_INT_CONVERSION = YES;
				CLANG_WARN_NON_LITERAL_NULL_CONVERSION = YES;
				CLANG_WARN_OBJC_IMPLICIT_RETAIN_SELF = YES;
				CLANG_WARN_OBJC_LITERAL_CONVERSION = YES;
				CLANG_WARN_OBJC_ROOT_CLASS = YES_ERROR;
				CLANG_WARN_RANGE_LOOP_ANALYSIS = YES;
				CLANG_WARN_STRICT_PROTOTYPES = YES;
				CLANG_WARN_SUSPICIOUS_MOVE = YES;
				CLANG_WARN_UNGUARDED_AVAILABILITY = YES_AGGRESSIVE;
				CLANG_WARN_UNREACHABLE_CODE = YES;
				CLANG_WARN__DUPLICATE_METHOD_MATCH = YES;
				COPY_PHASE_STRIP = NO;
				DEBUG_INFORMATION_FORMAT = "dwarf-with-dsym";
				ENABLE_NS_ASSERTIONS = NO;
				ENABLE_STRICT_OBJC_MSGSEND = YES;
				GCC_C_LANGUAGE_STANDARD = gnu11;
				GCC_NO_COMMON_BLOCKS = YES;
				GCC_WARN_64_TO_32_BIT_CONVERSION = YES;
				GCC_WARN_ABOUT_RETURN_TYPE = YES_ERROR;
				GCC_WARN_UNDECLARED_SELECTOR = YES;
				GCC_WARN_UNINITIALIZED_AUTOS = YES_AGGRESSIVE;
				GCC_WARN_UNUSED_FUNCTION = YES;
				GCC_WARN_UNUSED_VARIABLE = YES;
				IPHONEOS_DEPLOYMENT_TARGET = 13.5;
				MTL_ENABLE_DEBUG_INFO = NO;
				MTL_FAST_MATH = YES;
				SDKROOT = iphoneos;
				SWIFT_COMPILATION_MODE = wholemodule;
				SWIFT_OPTIMIZATION_LEVEL = "-O";
				VALIDATE_PRODUCT = YES;
			};
			name = Release;
		};
		F336F42B24B6BA6B00A2F8BB /* Debug */ = {
			isa = XCBuildConfiguration;
			buildSettings = {
				ASSETCATALOG_COMPILER_APPICON_NAME = AppIcon;
				CODE_SIGN_STYLE = Automatic;
				DEVELOPMENT_TEAM = 6Q9SP4M9H4;
				INFOPLIST_FILE = Practice_TableView/Info.plist;
				LD_RUNPATH_SEARCH_PATHS = (
					"$(inherited)",
					"@executable_path/Frameworks",
				);
				PRODUCT_BUNDLE_IDENTIFIER = "com.jinwoopeter.Practice-TableView";
				PRODUCT_NAME = "$(TARGET_NAME)";
				SWIFT_VERSION = 5.0;
				TARGETED_DEVICE_FAMILY = "1,2";
			};
			name = Debug;
		};
		F336F42C24B6BA6B00A2F8BB /* Release */ = {
			isa = XCBuildConfiguration;
			buildSettings = {
				ASSETCATALOG_COMPILER_APPICON_NAME = AppIcon;
				CODE_SIGN_STYLE = Automatic;
				DEVELOPMENT_TEAM = 6Q9SP4M9H4;
				INFOPLIST_FILE = Practice_TableView/Info.plist;
				LD_RUNPATH_SEARCH_PATHS = (
					"$(inherited)",
					"@executable_path/Frameworks",
				);
				PRODUCT_BUNDLE_IDENTIFIER = "com.jinwoopeter.Practice-TableView";
				PRODUCT_NAME = "$(TARGET_NAME)";
				SWIFT_VERSION = 5.0;
				TARGETED_DEVICE_FAMILY = "1,2";
			};
			name = Release;
		};
/* End XCBuildConfiguration section */

/* Begin XCConfigurationList section */
		F336F41124B6BA6800A2F8BB /* Build configuration list for PBXProject "Practice_TableView" */ = {
			isa = XCConfigurationList;
			buildConfigurations = (
				F336F42824B6BA6B00A2F8BB /* Debug */,
				F336F42924B6BA6B00A2F8BB /* Release */,
			);
			defaultConfigurationIsVisible = 0;
			defaultConfigurationName = Release;
		};
		F336F42A24B6BA6B00A2F8BB /* Build configuration list for PBXNativeTarget "Practice_TableView" */ = {
			isa = XCConfigurationList;
			buildConfigurations = (
				F336F42B24B6BA6B00A2F8BB /* Debug */,
				F336F42C24B6BA6B00A2F8BB /* Release */,
			);
			defaultConfigurationIsVisible = 0;
			defaultConfigurationName = Release;
		};
/* End XCConfigurationList section */
	};
	rootObject = F336F40E24B6BA6800A2F8BB /* Project object */;
}
